// !$*UTF8*$!
{
	archiveVersion = 1;
	classes = {
	};
	objectVersion = 50;
	objects = {

/* Begin PBXBuildFile section */
		05C353B0222FC1FF00828CCE /* AppDelegate.m in Sources */ = {isa = PBXBuildFile; fileRef = 05C353AF222FC1FF00828CCE /* AppDelegate.m */; };
		05C353B3222FC1FF00828CCE /* ViewController.m in Sources */ = {isa = PBXBuildFile; fileRef = 05C353B2222FC1FF00828CCE /* ViewController.m */; };
		05C353B6222FC1FF00828CCE /* Main.storyboard in Resources */ = {isa = PBXBuildFile; fileRef = 05C353B4222FC1FF00828CCE /* Main.storyboard */; };
		05C353B8222FC20000828CCE /* Assets.xcassets in Resources */ = {isa = PBXBuildFile; fileRef = 05C353B7222FC20000828CCE /* Assets.xcassets */; };
		05C353BB222FC20000828CCE /* LaunchScreen.storyboard in Resources */ = {isa = PBXBuildFile; fileRef = 05C353B9222FC20000828CCE /* LaunchScreen.storyboard */; };
		05C353BE222FC20000828CCE /* main.m in Sources */ = {isa = PBXBuildFile; fileRef = 05C353BD222FC20000828CCE /* main.m */; };
		05C353C8222FC20000828CCE /* MyAlertView__Tests.m in Sources */ = {isa = PBXBuildFile; fileRef = 05C353C7222FC20000828CCE /* MyAlertView__Tests.m */; };
		05C353D3222FC20000828CCE /* MyAlertView__UITests.m in Sources */ = {isa = PBXBuildFile; fileRef = 05C353D2222FC20000828CCE /* MyAlertView__UITests.m */; };
		05C353E3222FC24600828CCE /* MyAlertView.m in Sources */ = {isa = PBXBuildFile; fileRef = 05C353E2222FC24600828CCE /* MyAlertView.m */; };
		05C353EA222FC64F00828CCE /* UIColor+ColorHexString.m in Sources */ = {isa = PBXBuildFile; fileRef = 05C353E8222FC64F00828CCE /* UIColor+ColorHexString.m */; };
		05C353EE222FC75A00828CCE /* UIViewExt.m in Sources */ = {isa = PBXBuildFile; fileRef = 05C353EC222FC75A00828CCE /* UIViewExt.m */; };
/* End PBXBuildFile section */

/* Begin PBXContainerItemProxy section */
		05C353C4222FC20000828CCE /* PBXContainerItemProxy */ = {
			isa = PBXContainerItemProxy;
			containerPortal = 05C353A3222FC1FF00828CCE /* Project object */;
			proxyType = 1;
			remoteGlobalIDString = 05C353AA222FC1FF00828CCE;
			remoteInfo = "MyAlertView封装";
		};
		05C353CF222FC20000828CCE /* PBXContainerItemProxy */ = {
			isa = PBXContainerItemProxy;
			containerPortal = 05C353A3222FC1FF00828CCE /* Project object */;
			proxyType = 1;
			remoteGlobalIDString = 05C353AA222FC1FF00828CCE;
			remoteInfo = "MyAlertView封装";
		};
/* End PBXContainerItemProxy section */

/* Begin PBXFileReference section */
		05C353AB222FC1FF00828CCE /* MyAlertView封装.app */ = {isa = PBXFileReference; explicitFileType = wrapper.application; includeInIndex = 0; path = "MyAlertView封装.app"; sourceTree = BUILT_PRODUCTS_DIR; };
		05C353AE222FC1FF00828CCE /* AppDelegate.h */ = {isa = PBXFileReference; lastKnownFileType = sourcecode.c.h; path = AppDelegate.h; sourceTree = "<group>"; };
		05C353AF222FC1FF00828CCE /* AppDelegate.m */ = {isa = PBXFileReference; lastKnownFileType = sourcecode.c.objc; path = AppDelegate.m; sourceTree = "<group>"; };
		05C353B1222FC1FF00828CCE /* ViewController.h */ = {isa = PBXFileReference; lastKnownFileType = sourcecode.c.h; path = ViewController.h; sourceTree = "<group>"; };
		05C353B2222FC1FF00828CCE /* ViewController.m */ = {isa = PBXFileReference; lastKnownFileType = sourcecode.c.objc; path = ViewController.m; sourceTree = "<group>"; };
		05C353B5222FC1FF00828CCE /* Base */ = {isa = PBXFileReference; lastKnownFileType = file.storyboard; name = Base; path = Base.lproj/Main.storyboard; sourceTree = "<group>"; };
		05C353B7222FC20000828CCE /* Assets.xcassets */ = {isa = PBXFileReference; lastKnownFileType = folder.assetcatalog; path = Assets.xcassets; sourceTree = "<group>"; };
		05C353BA222FC20000828CCE /* Base */ = {isa = PBXFileReference; lastKnownFileType = file.storyboard; name = Base; path = Base.lproj/LaunchScreen.storyboard; sourceTree = "<group>"; };
		05C353BC222FC20000828CCE /* Info.plist */ = {isa = PBXFileReference; lastKnownFileType = text.plist.xml; path = Info.plist; sourceTree = "<group>"; };
		05C353BD222FC20000828CCE /* main.m */ = {isa = PBXFileReference; lastKnownFileType = sourcecode.c.objc; path = main.m; sourceTree = "<group>"; };
		05C353C3222FC20000828CCE /* MyAlertView封装Tests.xctest */ = {isa = PBXFileReference; explicitFileType = wrapper.cfbundle; includeInIndex = 0; path = "MyAlertView封装Tests.xctest"; sourceTree = BUILT_PRODUCTS_DIR; };
		05C353C7222FC20000828CCE /* MyAlertView__Tests.m */ = {isa = PBXFileReference; lastKnownFileType = sourcecode.c.objc; path = MyAlertView__Tests.m; sourceTree = "<group>"; };
		05C353C9222FC20000828CCE /* Info.plist */ = {isa = PBXFileReference; lastKnownFileType = text.plist.xml; path = Info.plist; sourceTree = "<group>"; };
		05C353CE222FC20000828CCE /* MyAlertView封装UITests.xctest */ = {isa = PBXFileReference; explicitFileType = wrapper.cfbundle; includeInIndex = 0; path = "MyAlertView封装UITests.xctest"; sourceTree = BUILT_PRODUCTS_DIR; };
		05C353D2222FC20000828CCE /* MyAlertView__UITests.m */ = {isa = PBXFileReference; lastKnownFileType = sourcecode.c.objc; path = MyAlertView__UITests.m; sourceTree = "<group>"; };
		05C353D4222FC20000828CCE /* Info.plist */ = {isa = PBXFileReference; lastKnownFileType = text.plist.xml; path = Info.plist; sourceTree = "<group>"; };
		05C353E1222FC24500828CCE /* MyAlertView.h */ = {isa = PBXFileReference; fileEncoding = 4; lastKnownFileType = sourcecode.c.h; path = MyAlertView.h; sourceTree = "<group>"; };
		05C353E2222FC24600828CCE /* MyAlertView.m */ = {isa = PBXFileReference; fileEncoding = 4; lastKnownFileType = sourcecode.c.objc; path = MyAlertView.m; sourceTree = "<group>"; };
		05C353E8222FC64F00828CCE /* UIColor+ColorHexString.m */ = {isa = PBXFileReference; fileEncoding = 4; lastKnownFileType = sourcecode.c.objc; path = "UIColor+ColorHexString.m"; sourceTree = "<group>"; };
		05C353E9222FC64F00828CCE /* UIColor+ColorHexString.h */ = {isa = PBXFileReference; fileEncoding = 4; lastKnownFileType = sourcecode.c.h; path = "UIColor+ColorHexString.h"; sourceTree = "<group>"; };
		05C353EC222FC75A00828CCE /* UIViewExt.m */ = {isa = PBXFileReference; fileEncoding = 4; lastKnownFileType = sourcecode.c.objc; path = UIViewExt.m; sourceTree = "<group>"; };
		05C353ED222FC75A00828CCE /* UIViewExt.h */ = {isa = PBXFileReference; fileEncoding = 4; lastKnownFileType = sourcecode.c.h; path = UIViewExt.h; sourceTree = "<group>"; };
/* End PBXFileReference section */

/* Begin PBXFrameworksBuildPhase section */
		05C353A8222FC1FF00828CCE /* Frameworks */ = {
			isa = PBXFrameworksBuildPhase;
			buildActionMask = 2147483647;
			files = (
			);
			runOnlyForDeploymentPostprocessing = 0;
		};
		05C353C0222FC20000828CCE /* Frameworks */ = {
			isa = PBXFrameworksBuildPhase;
			buildActionMask = 2147483647;
			files = (
			);
			runOnlyForDeploymentPostprocessing = 0;
		};
		05C353CB222FC20000828CCE /* Frameworks */ = {
			isa = PBXFrameworksBuildPhase;
			buildActionMask = 2147483647;
			files = (
			);
			runOnlyForDeploymentPostprocessing = 0;
		};
/* End PBXFrameworksBuildPhase section */

/* Begin PBXGroup section */
		05C353A2222FC1FF00828CCE = {
			isa = PBXGroup;
			children = (
				05C353AD222FC1FF00828CCE /* MyAlertView封装 */,
				05C353C6222FC20000828CCE /* MyAlertView封装Tests */,
				05C353D1222FC20000828CCE /* MyAlertView封装UITests */,
				05C353AC222FC1FF00828CCE /* Products */,
			);
			sourceTree = "<group>";
		};
		05C353AC222FC1FF00828CCE /* Products */ = {
			isa = PBXGroup;
			children = (
				05C353AB222FC1FF00828CCE /* MyAlertView封装.app */,
				05C353C3222FC20000828CCE /* MyAlertView封装Tests.xctest */,
				05C353CE222FC20000828CCE /* MyAlertView封装UITests.xctest */,
			);
			name = Products;
			sourceTree = "<group>";
		};
		05C353AD222FC1FF00828CCE /* MyAlertView封装 */ = {
			isa = PBXGroup;
			children = (
				05C353EB222FC75A00828CCE /* UIViewExt */,
				05C353E7222FC64F00828CCE /* UIColor+ColorHexString */,
				05C353E0222FC22F00828CCE /* MyAlertView */,
				05C353AE222FC1FF00828CCE /* AppDelegate.h */,
				05C353AF222FC1FF00828CCE /* AppDelegate.m */,
				05C353B1222FC1FF00828CCE /* ViewController.h */,
				05C353B2222FC1FF00828CCE /* ViewController.m */,
				05C353B4222FC1FF00828CCE /* Main.storyboard */,
				05C353B7222FC20000828CCE /* Assets.xcassets */,
				05C353B9222FC20000828CCE /* LaunchScreen.storyboard */,
				05C353BC222FC20000828CCE /* Info.plist */,
				05C353BD222FC20000828CCE /* main.m */,
			);
			path = "MyAlertView封装";
			sourceTree = "<group>";
		};
		05C353C6222FC20000828CCE /* MyAlertView封装Tests */ = {
			isa = PBXGroup;
			children = (
				05C353C7222FC20000828CCE /* MyAlertView__Tests.m */,
				05C353C9222FC20000828CCE /* Info.plist */,
			);
			path = "MyAlertView封装Tests";
			sourceTree = "<group>";
		};
		05C353D1222FC20000828CCE /* MyAlertView封装UITests */ = {
			isa = PBXGroup;
			children = (
				05C353D2222FC20000828CCE /* MyAlertView__UITests.m */,
				05C353D4222FC20000828CCE /* Info.plist */,
			);
			path = "MyAlertView封装UITests";
			sourceTree = "<group>";
		};
		05C353E0222FC22F00828CCE /* MyAlertView */ = {
			isa = PBXGroup;
			children = (
				05C353E1222FC24500828CCE /* MyAlertView.h */,
				05C353E2222FC24600828CCE /* MyAlertView.m */,
			);
			path = MyAlertView;
			sourceTree = "<group>";
		};
		05C353E7222FC64F00828CCE /* UIColor+ColorHexString */ = {
			isa = PBXGroup;
			children = (
				05C353E8222FC64F00828CCE /* UIColor+ColorHexString.m */,
				05C353E9222FC64F00828CCE /* UIColor+ColorHexString.h */,
			);
			path = "UIColor+ColorHexString";
			sourceTree = "<group>";
		};
		05C353EB222FC75A00828CCE /* UIViewExt */ = {
			isa = PBXGroup;
			children = (
				05C353EC222FC75A00828CCE /* UIViewExt.m */,
				05C353ED222FC75A00828CCE /* UIViewExt.h */,
			);
			path = UIViewExt;
			sourceTree = "<group>";
		};
/* End PBXGroup section */

/* Begin PBXNativeTarget section */
		05C353AA222FC1FF00828CCE /* MyAlertView封装 */ = {
			isa = PBXNativeTarget;
			buildConfigurationList = 05C353D7222FC20000828CCE /* Build configuration list for PBXNativeTarget "MyAlertView封装" */;
			buildPhases = (
				05C353A7222FC1FF00828CCE /* Sources */,
				05C353A8222FC1FF00828CCE /* Frameworks */,
				05C353A9222FC1FF00828CCE /* Resources */,
			);
			buildRules = (
			);
			dependencies = (
			);
			name = "MyAlertView封装";
			productName = "MyAlertView封装";
			productReference = 05C353AB222FC1FF00828CCE /* MyAlertView封装.app */;
			productType = "com.apple.product-type.application";
		};
		05C353C2222FC20000828CCE /* MyAlertView封装Tests */ = {
			isa = PBXNativeTarget;
			buildConfigurationList = 05C353DA222FC20000828CCE /* Build configuration list for PBXNativeTarget "MyAlertView封装Tests" */;
			buildPhases = (
				05C353BF222FC20000828CCE /* Sources */,
				05C353C0222FC20000828CCE /* Frameworks */,
				05C353C1222FC20000828CCE /* Resources */,
			);
			buildRules = (
			);
			dependencies = (
				05C353C5222FC20000828CCE /* PBXTargetDependency */,
			);
			name = "MyAlertView封装Tests";
			productName = "MyAlertView封装Tests";
			productReference = 05C353C3222FC20000828CCE /* MyAlertView封装Tests.xctest */;
			productType = "com.apple.product-type.bundle.unit-test";
		};
		05C353CD222FC20000828CCE /* MyAlertView封装UITests */ = {
			isa = PBXNativeTarget;
			buildConfigurationList = 05C353DD222FC20000828CCE /* Build configuration list for PBXNativeTarget "MyAlertView封装UITests" */;
			buildPhases = (
				05C353CA222FC20000828CCE /* Sources */,
				05C353CB222FC20000828CCE /* Frameworks */,
				05C353CC222FC20000828CCE /* Resources */,
			);
			buildRules = (
			);
			dependencies = (
				05C353D0222FC20000828CCE /* PBXTargetDependency */,
			);
			name = "MyAlertView封装UITests";
			productName = "MyAlertView封装UITests";
			productReference = 05C353CE222FC20000828CCE /* MyAlertView封装UITests.xctest */;
			productType = "com.apple.product-type.bundle.ui-testing";
		};
/* End PBXNativeTarget section */

/* Begin PBXProject section */
		05C353A3222FC1FF00828CCE /* Project object */ = {
			isa = PBXProject;
			attributes = {
				LastUpgradeCheck = 1010;
				ORGANIZATIONNAME = "cctv-person";
				TargetAttributes = {
					05C353AA222FC1FF00828CCE = {
						CreatedOnToolsVersion = 10.1;
					};
					05C353C2222FC20000828CCE = {
						CreatedOnToolsVersion = 10.1;
						TestTargetID = 05C353AA222FC1FF00828CCE;
					};
					05C353CD222FC20000828CCE = {
						CreatedOnToolsVersion = 10.1;
						TestTargetID = 05C353AA222FC1FF00828CCE;
					};
				};
			};
			buildConfigurationList = 05C353A6222FC1FF00828CCE /* Build configuration list for PBXProject "MyAlertView封装" */;
			compatibilityVersion = "Xcode 9.3";
			developmentRegion = en;
			hasScannedForEncodings = 0;
			knownRegions = (
				en,
				Base,
			);
			mainGroup = 05C353A2222FC1FF00828CCE;
			productRefGroup = 05C353AC222FC1FF00828CCE /* Products */;
			projectDirPath = "";
			projectRoot = "";
			targets = (
				05C353AA222FC1FF00828CCE /* MyAlertView封装 */,
				05C353C2222FC20000828CCE /* MyAlertView封装Tests */,
				05C353CD222FC20000828CCE /* MyAlertView封装UITests */,
			);
		};
/* End PBXProject section */

/* Begin PBXResourcesBuildPhase section */
		05C353A9222FC1FF00828CCE /* Resources */ = {
			isa = PBXResourcesBuildPhase;
			buildActionMask = 2147483647;
			files = (
				05C353BB222FC20000828CCE /* LaunchScreen.storyboard in Resources */,
				05C353B8222FC20000828CCE /* Assets.xcassets in Resources */,
				05C353B6222FC1FF00828CCE /* Main.storyboard in Resources */,
			);
			runOnlyForDeploymentPostprocessing = 0;
		};
		05C353C1222FC20000828CCE /* Resources */ = {
			isa = PBXResourcesBuildPhase;
			buildActionMask = 2147483647;
			files = (
			);
			runOnlyForDeploymentPostprocessing = 0;
		};
		05C353CC222FC20000828CCE /* Resources */ = {
			isa = PBXResourcesBuildPhase;
			buildActionMask = 2147483647;
			files = (
			);
			runOnlyForDeploymentPostprocessing = 0;
		};
/* End PBXResourcesBuildPhase section */

/* Begin PBXSourcesBuildPhase section */
		05C353A7222FC1FF00828CCE /* Sources */ = {
			isa = PBXSourcesBuildPhase;
			buildActionMask = 2147483647;
			files = (
				05C353B3222FC1FF00828CCE /* ViewController.m in Sources */,
				05C353EA222FC64F00828CCE /* UIColor+ColorHexString.m in Sources */,
				05C353E3222FC24600828CCE /* MyAlertView.m in Sources */,
				05C353BE222FC20000828CCE /* main.m in Sources */,
				05C353EE222FC75A00828CCE /* UIViewExt.m in Sources */,
				05C353B0222FC1FF00828CCE /* AppDelegate.m in Sources */,
			);
			runOnlyForDeploymentPostprocessing = 0;
		};
		05C353BF222FC20000828CCE /* Sources */ = {
			isa = PBXSourcesBuildPhase;
			buildActionMask = 2147483647;
			files = (
				05C353C8222FC20000828CCE /* MyAlertView__Tests.m in Sources */,
			);
			runOnlyForDeploymentPostprocessing = 0;
		};
		05C353CA222FC20000828CCE /* Sources */ = {
			isa = PBXSourcesBuildPhase;
			buildActionMask = 2147483647;
			files = (
				05C353D3222FC20000828CCE /* MyAlertView__UITests.m in Sources */,
			);
			runOnlyForDeploymentPostprocessing = 0;
		};
/* End PBXSourcesBuildPhase section */

/* Begin PBXTargetDependency section */
		05C353C5222FC20000828CCE /* PBXTargetDependency */ = {
			isa = PBXTargetDependency;
			target = 05C353AA222FC1FF00828CCE /* MyAlertView封装 */;
			targetProxy = 05C353C4222FC20000828CCE /* PBXContainerItemProxy */;
		};
		05C353D0222FC20000828CCE /* PBXTargetDependency */ = {
			isa = PBXTargetDependency;
			target = 05C353AA222FC1FF00828CCE /* MyAlertView封装 */;
			targetProxy = 05C353CF222FC20000828CCE /* PBXContainerItemProxy */;
		};
/* End PBXTargetDependency section */

/* Begin PBXVariantGroup section */
		05C353B4222FC1FF00828CCE /* Main.storyboard */ = {
			isa = PBXVariantGroup;
			children = (
				05C353B5222FC1FF00828CCE /* Base */,
			);
			name = Main.storyboard;
			sourceTree = "<group>";
		};
		05C353B9222FC20000828CCE /* LaunchScreen.storyboard */ = {
			isa = PBXVariantGroup;
			children = (
				05C353BA222FC20000828CCE /* Base */,
			);
			name = LaunchScreen.storyboard;
			sourceTree = "<group>";
		};
/* End PBXVariantGroup section */

/* Begin XCBuildConfiguration section */
		05C353D5222FC20000828CCE /* Debug */ = {
			isa = XCBuildConfiguration;
			buildSettings = {
				ALWAYS_SEARCH_USER_PATHS = NO;
				CLANG_ANALYZER_NONNULL = YES;
				CLANG_ANALYZER_NUMBER_OBJECT_CONVERSION = YES_AGGRESSIVE;
				CLANG_CXX_LANGUAGE_STANDARD = "gnu++14";
				CLANG_CXX_LIBRARY = "libc++";
				CLANG_ENABLE_MODULES = YES;
				CLANG_ENABLE_OBJC_ARC = YES;
				CLANG_ENABLE_OBJC_WEAK = YES;
				CLANG_WARN_BLOCK_CAPTURE_AUTORELEASING = YES;
				CLANG_WARN_BOOL_CONVERSION = YES;
				CLANG_WARN_COMMA = YES;
				CLANG_WARN_CONSTANT_CONVERSION = YES;
				CLANG_WARN_DEPRECATED_OBJC_IMPLEMENTATIONS = YES;
				CLANG_WARN_DIRECT_OBJC_ISA_USAGE = YES_ERROR;
				CLANG_WARN_DOCUMENTATION_COMMENTS = YES;
				CLANG_WARN_EMPTY_BODY = YES;
				CLANG_WARN_ENUM_CONVERSION = YES;
				CLANG_WARN_INFINITE_RECURSION = YES;
				CLANG_WARN_INT_CONVERSION = YES;
				CLANG_WARN_NON_LITERAL_NULL_CONVERSION = YES;
				CLANG_WARN_OBJC_IMPLICIT_RETAIN_SELF = YES;
				CLANG_WARN_OBJC_LITERAL_CONVERSION = YES;
				CLANG_WARN_OBJC_ROOT_CLASS = YES_ERROR;
				CLANG_WARN_RANGE_LOOP_ANALYSIS = YES;
				CLANG_WARN_STRICT_PROTOTYPES = YES;
				CLANG_WARN_SUSPICIOUS_MOVE = YES;
				CLANG_WARN_UNGUARDED_AVAILABILITY = YES_AGGRESSIVE;
				CLANG_WARN_UNREACHABLE_CODE = YES;
				CLANG_WARN__DUPLICATE_METHOD_MATCH = YES;
				CODE_SIGN_IDENTITY = "iPhone Developer";
				COPY_PHASE_STRIP = NO;
				DEBUG_INFORMATION_FORMAT = dwarf;
				ENABLE_STRICT_OBJC_MSGSEND = YES;
				ENABLE_TESTABILITY = YES;
				GCC_C_LANGUAGE_STANDARD = gnu11;
				GCC_DYNAMIC_NO_PIC = NO;
				GCC_NO_COMMON_BLOCKS = YES;
				GCC_OPTIMIZATION_LEVEL = 0;
				GCC_PREPROCESSOR_DEFINITIONS = (
					"DEBUG=1",
					"$(inherited)",
				);
				GCC_WARN_64_TO_32_BIT_CONVERSION = YES;
				GCC_WARN_ABOUT_RETURN_TYPE = YES_ERROR;
				GCC_WARN_UNDECLARED_SELECTOR = YES;
				GCC_WARN_UNINITIALIZED_AUTOS = YES_AGGRESSIVE;
				GCC_WARN_UNUSED_FUNCTION = YES;
				GCC_WARN_UNUSED_VARIABLE = YES;
				IPHONEOS_DEPLOYMENT_TARGET = 12.1;
				MTL_ENABLE_DEBUG_INFO = INCLUDE_SOURCE;
				MTL_FAST_MATH = YES;
				ONLY_ACTIVE_ARCH = YES;
				SDKROOT = iphoneos;
			};
			name = Debug;
		};
		05C353D6222FC20000828CCE /* Release */ = {
			isa = XCBuildConfiguration;
			buildSettings = {
				ALWAYS_SEARCH_USER_PATHS = NO;
				CLANG_ANALYZER_NONNULL = YES;
				CLANG_ANALYZER_NUMBER_OBJECT_CONVERSION = YES_AGGRESSIVE;
				CLANG_CXX_LANGUAGE_STANDARD = "gnu++14";
				CLANG_CXX_LIBRARY = "libc++";
				CLANG_ENABLE_MODULES = YES;
				CLANG_ENABLE_OBJC_ARC = YES;
				CLANG_ENABLE_OBJC_WEAK = YES;
				CLANG_WARN_BLOCK_CAPTURE_AUTORELEASING = YES;
				CLANG_WARN_BOOL_CONVERSION = YES;
				CLANG_WARN_COMMA = YES;
				CLANG_WARN_CONSTANT_CONVERSION = YES;
				CLANG_WARN_DEPRECATED_OBJC_IMPLEMENTATIONS = YES;
				CLANG_WARN_DIRECT_OBJC_ISA_USAGE = YES_ERROR;
				CLANG_WARN_DOCUMENTATION_COMMENTS = YES;
				CLANG_WARN_EMPTY_BODY = YES;
				CLANG_WARN_ENUM_CONVERSION = YES;
				CLANG_WARN_INFINITE_RECURSION = YES;
				CLANG_WARN_INT_CONVERSION = YES;
				CLANG_WARN_NON_LITERAL_NULL_CONVERSION = YES;
				CLANG_WARN_OBJC_IMPLICIT_RETAIN_SELF = YES;
				CLANG_WARN_OBJC_LITERAL_CONVERSION = YES;
				CLANG_WARN_OBJC_ROOT_CLASS = YES_ERROR;
				CLANG_WARN_RANGE_LOOP_ANALYSIS = YES;
				CLANG_WARN_STRICT_PROTOTYPES = YES;
				CLANG_WARN_SUSPICIOUS_MOVE = YES;
				CLANG_WARN_UNGUARDED_AVAILABILITY = YES_AGGRESSIVE;
				CLANG_WARN_UNREACHABLE_CODE = YES;
				CLANG_WARN__DUPLICATE_METHOD_MATCH = YES;
				CODE_SIGN_IDENTITY = "iPhone Developer";
				COPY_PHASE_STRIP = NO;
				DEBUG_INFORMATION_FORMAT = "dwarf-with-dsym";
				ENABLE_NS_ASSERTIONS = NO;
				ENABLE_STRICT_OBJC_MSGSEND = YES;
				GCC_C_LANGUAGE_STANDARD = gnu11;
				GCC_NO_COMMON_BLOCKS = YES;
				GCC_WARN_64_TO_32_BIT_CONVERSION = YES;
				GCC_WARN_ABOUT_RETURN_TYPE = YES_ERROR;
				GCC_WARN_UNDECLARED_SELECTOR = YES;
				GCC_WARN_UNINITIALIZED_AUTOS = YES_AGGRESSIVE;
				GCC_WARN_UNUSED_FUNCTION = YES;
				GCC_WARN_UNUSED_VARIABLE = YES;
				IPHONEOS_DEPLOYMENT_TARGET = 12.1;
				MTL_ENABLE_DEBUG_INFO = NO;
				MTL_FAST_MATH = YES;
				SDKROOT = iphoneos;
				VALIDATE_PRODUCT = YES;
			};
			name = Release;
		};
		05C353D8222FC20000828CCE /* Debug */ = {
			isa = XCBuildConfiguration;
			buildSettings = {
				ASSETCATALOG_COMPILER_APPICON_NAME = AppIcon;
				CODE_SIGN_STYLE = Automatic;
				DEVELOPMENT_TEAM = M237K3T8LX;
				INFOPLIST_FILE = "MyAlertView封装/Info.plist";
				IPHONEOS_DEPLOYMENT_TARGET = 9.0;
				LD_RUNPATH_SEARCH_PATHS = (
					"$(inherited)",
					"@executable_path/Frameworks",
				);
				PRODUCT_BUNDLE_IDENTIFIER = "com.ctvit.MyAlertView--";
				PRODUCT_NAME = "$(TARGET_NAME)";
				TARGETED_DEVICE_FAMILY = "1,2";
			};
			name = Debug;
		};
		05C353D9222FC20000828CCE /* Release */ = {
			isa = XCBuildConfiguration;
			buildSettings = {
				ASSETCATALOG_COMPILER_APPICON_NAME = AppIcon;
				CODE_SIGN_STYLE = Automatic;
				DEVELOPMENT_TEAM = M237K3T8LX;
				INFOPLIST_FILE = "MyAlertView封装/Info.plist";
				IPHONEOS_DEPLOYMENT_TARGET = 9.0;
				LD_RUNPATH_SEARCH_PATHS = (
					"$(inherited)",
					"@executable_path/Frameworks",
				);
				PRODUCT_BUNDLE_IDENTIFIER = "com.ctvit.MyAlertView--";
				PRODUCT_NAME = "$(TARGET_NAME)";
				TARGETED_DEVICE_FAMILY = "1,2";
			};
			name = Release;
		};
		05C353DB222FC20000828CCE /* Debug */ = {
			isa = XCBuildConfiguration;
			buildSettings = {
				BUNDLE_LOADER = "$(TEST_HOST)";
				CODE_SIGN_STYLE = Automatic;
				DEVELOPMENT_TEAM = M237K3T8LX;
				INFOPLIST_FILE = "MyAlertView封装Tests/Info.plist";
				LD_RUNPATH_SEARCH_PATHS = (
					"$(inherited)",
					"@executable_path/Frameworks",
					"@loader_path/Frameworks",
				);
				PRODUCT_BUNDLE_IDENTIFIER = "com.ctvit.MyAlertView--Tests";
				PRODUCT_NAME = "$(TARGET_NAME)";
				TARGETED_DEVICE_FAMILY = "1,2";
				TEST_HOST = "$(BUILT_PRODUCTS_DIR)/MyAlertView封装.app/MyAlertView封装";
			};
			name = Debug;
		};
		05C353DC222FC20000828CCE /* Release */ = {
			isa = XCBuildConfiguration;
			buildSettings = {
				BUNDLE_LOADER = "$(TEST_HOST)";
				CODE_SIGN_STYLE = Automatic;
				DEVELOPMENT_TEAM = M237K3T8LX;
				INFOPLIST_FILE = "MyAlertView封装Tests/Info.plist";
				LD_RUNPATH_SEARCH_PATHS = (
					"$(inherited)",
					"@executable_path/Frameworks",
					"@loader_path/Frameworks",
				);
				PRODUCT_BUNDLE_IDENTIFIER = "com.ctvit.MyAlertView--Tests";
				PRODUCT_NAME = "$(TARGET_NAME)";
				TARGETED_DEVICE_FAMILY = "1,2";
				TEST_HOST = "$(BUILT_PRODUCTS_DIR)/MyAlertView封装.app/MyAlertView封装";
			};
			name = Release;
		};
		05C353DE222FC20000828CCE /* Debug */ = {
			isa = XCBuildConfiguration;
			buildSettings = {
				CODE_SIGN_STYLE = Automatic;
				DEVELOPMENT_TEAM = M237K3T8LX;
				INFOPLIST_FILE = "MyAlertView封装UITests/Info.plist";
				LD_RUNPATH_SEARCH_PATHS = (
					"$(inherited)",
					"@executable_path/Frameworks",
					"@loader_path/Frameworks",
				);
				PRODUCT_BUNDLE_IDENTIFIER = "com.ctvit.MyAlertView--UITests";
				PRODUCT_NAME = "$(TARGET_NAME)";
				TARGETED_DEVICE_FAMILY = "1,2";
				TEST_TARGET_NAME = "MyAlertView封装";
			};
			name = Debug;
		};
		05C353DF222FC20000828CCE /* Release */ = {
			isa = XCBuildConfiguration;
			buildSettings = {
				CODE_SIGN_STYLE = Automatic;
				DEVELOPMENT_TEAM = M237K3T8LX;
				INFOPLIST_FILE = "MyAlertView封装UITests/Info.plist";
				LD_RUNPATH_SEARCH_PATHS = (
					"$(inherited)",
					"@executable_path/Frameworks",
					"@loader_path/Frameworks",
				);
				PRODUCT_BUNDLE_IDENTIFIER = "com.ctvit.MyAlertView--UITests";
				PRODUCT_NAME = "$(TARGET_NAME)";
				TARGETED_DEVICE_FAMILY = "1,2";
				TEST_TARGET_NAME = "MyAlertView封装";
			};
			name = Release;
		};
/* End XCBuildConfiguration section */

/* Begin XCConfigurationList section */
		05C353A6222FC1FF00828CCE /* Build configuration list for PBXProject "MyAlertView封装" */ = {
			isa = XCConfigurationList;
			buildConfigurations = (
				05C353D5222FC20000828CCE /* Debug */,
				05C353D6222FC20000828CCE /* Release */,
			);
			defaultConfigurationIsVisible = 0;
			defaultConfigurationName = Release;
		};
		05C353D7222FC20000828CCE /* Build configuration list for PBXNativeTarget "MyAlertView封装" */ = {
			isa = XCConfigurationList;
			buildConfigurations = (
				05C353D8222FC20000828CCE /* Debug */,
				05C353D9222FC20000828CCE /* Release */,
			);
			defaultConfigurationIsVisible = 0;
			defaultConfigurationName = Release;
		};
		05C353DA222FC20000828CCE /* Build configuration list for PBXNativeTarget "MyAlertView封装Tests" */ = {
			isa = XCConfigurationList;
			buildConfigurations = (
				05C353DB222FC20000828CCE /* Debug */,
				05C353DC222FC20000828CCE /* Release */,
			);
			defaultConfigurationIsVisible = 0;
			defaultConfigurationName = Release;
		};
		05C353DD222FC20000828CCE /* Build configuration list for PBXNativeTarget "MyAlertView封装UITests" */ = {
			isa = XCConfigurationList;
			buildConfigurations = (
				05C353DE222FC20000828CCE /* Debug */,
				05C353DF222FC20000828CCE /* Release */,
			);
			defaultConfigurationIsVisible = 0;
			defaultConfigurationName = Release;
		};
/* End XCConfigurationList section */
	};
	rootObject = 05C353A3222FC1FF00828CCE /* Project object */;
}
